
Microsoft Visual Studio Solution File, Format Version 12.00
# Visual Studio Version 17
VisualStudioVersion = 17.7.34031.279
MinimumVisualStudioVersion = 10.0.40219.1
Project("{FAE04EC0-301F-11D3-BF4B-00C04F79EFBC}") = "MouseMove", "MouseMove\MouseMove.csproj", "{F3C78373-D58F-4145-B9DC-4AF729FEB0D2}"
EndProject
Global
	GlobalSection(SolutionConfigurationPlatforms) = preSolution
		Debug|Any CPU = Debug|Any CPU
		Release|Any CPU = Release|Any CPU
	EndGlobalSection
	GlobalSection(ProjectConfigurationPlatforms) = postSolution
		{F3C78373-D58F-4145-B9DC-4AF729FEB0D2}.Debug|Any CPU.ActiveCfg = Debug|Any CPU
		{F3C78373-D58F-4145-B9DC-4AF729FEB0D2}.Debug|Any CPU.Build.0 = Debug|Any CPU
		{F3C78373-D58F-4145-B9DC-4AF729FEB0D2}.Release|Any CPU.ActiveCfg = Release|Any CPU
		{F3C78373-D58F-4145-B9DC-4AF729FEB0D2}.Release|Any CPU.Build.0 = Release|Any CPU
	EndGlobalSection
	GlobalSection(SolutionProperties) = preSolution
		HideSolutionNode = FALSE
	EndGlobalSection
	GlobalSection(ExtensibilityGlobals) = postSolution
		SolutionGuid = {DBE3C1C0-A0C4-4FF8-AD21-FE24ADFBA89B}
	EndGlobalSection
EndGlobal
